// !$*UTF8*$!
{
	archiveVersion = 1;
	classes = {
	};
	objectVersion = 46;
	objects = {

/* Begin PBXBuildFile section */
		3C9080FAE9AF06C1A1865016 /* libPods.a in Frameworks */ = {isa = PBXBuildFile; fileRef = 5CEEE4FFA3515EC398DE4752 /* libPods.a */; };
		49BD6DFD1AC9FE7700E18C81 /* main.m in Sources */ = {isa = PBXBuildFile; fileRef = 49BD6DFC1AC9FE7700E18C81 /* main.m */; };
		49BD6E001AC9FE7700E18C81 /* AppDelegate.m in Sources */ = {isa = PBXBuildFile; fileRef = 49BD6DFF1AC9FE7700E18C81 /* AppDelegate.m */; };
		49BD6E031AC9FE7700E18C81 /* ViewController.m in Sources */ = {isa = PBXBuildFile; fileRef = 49BD6E021AC9FE7700E18C81 /* ViewController.m */; };
		49BD6E081AC9FE7700E18C81 /* Images.xcassets in Resources */ = {isa = PBXBuildFile; fileRef = 49BD6E071AC9FE7700E18C81 /* Images.xcassets */; };
		49BD6E0B1AC9FE7700E18C81 /* LaunchScreen.xib in Resources */ = {isa = PBXBuildFile; fileRef = 49BD6E091AC9FE7700E18C81 /* LaunchScreen.xib */; };
		49BD6E171AC9FE7700E18C81 /* ReactCocoaPodsDemoTests.m in Sources */ = {isa = PBXBuildFile; fileRef = 49BD6E161AC9FE7700E18C81 /* ReactCocoaPodsDemoTests.m */; };
/* End PBXBuildFile section */

/* Begin PBXContainerItemProxy section */
		49BD6E111AC9FE7700E18C81 /* PBXContainerItemProxy */ = {
			isa = PBXContainerItemProxy;
			containerPortal = 49BD6DEF1AC9FE7700E18C81 /* Project object */;
			proxyType = 1;
			remoteGlobalIDString = 49BD6DF61AC9FE7700E18C81;
			remoteInfo = ReactCocoaPodsDemo;
		};
/* End PBXContainerItemProxy section */

/* Begin PBXFileReference section */
		49BD6DF71AC9FE7700E18C81 /* ReactCocoaPodsDemo.app */ = {isa = PBXFileReference; explicitFileType = wrapper.application; includeInIndex = 0; path = ReactCocoaPodsDemo.app; sourceTree = BUILT_PRODUCTS_DIR; };
		49BD6DFB1AC9FE7700E18C81 /* Info.plist */ = {isa = PBXFileReference; lastKnownFileType = text.plist.xml; path = Info.plist; sourceTree = "<group>"; };
		49BD6DFC1AC9FE7700E18C81 /* main.m */ = {isa = PBXFileReference; lastKnownFileType = sourcecode.c.objc; path = main.m; sourceTree = "<group>"; };
		49BD6DFE1AC9FE7700E18C81 /* AppDelegate.h */ = {isa = PBXFileReference; lastKnownFileType = sourcecode.c.h; path = AppDelegate.h; sourceTree = "<group>"; };
		49BD6DFF1AC9FE7700E18C81 /* AppDelegate.m */ = {isa = PBXFileReference; lastKnownFileType = sourcecode.c.objc; path = AppDelegate.m; sourceTree = "<group>"; };
		49BD6E011AC9FE7700E18C81 /* ViewController.h */ = {isa = PBXFileReference; lastKnownFileType = sourcecode.c.h; path = ViewController.h; sourceTree = "<group>"; };
		49BD6E021AC9FE7700E18C81 /* ViewController.m */ = {isa = PBXFileReference; lastKnownFileType = sourcecode.c.objc; path = ViewController.m; sourceTree = "<group>"; };
		49BD6E071AC9FE7700E18C81 /* Images.xcassets */ = {isa = PBXFileReference; lastKnownFileType = folder.assetcatalog; path = Images.xcassets; sourceTree = "<group>"; };
		49BD6E0A1AC9FE7700E18C81 /* Base */ = {isa = PBXFileReference; lastKnownFileType = file.xib; name = Base; path = Base.lproj/LaunchScreen.xib; sourceTree = "<group>"; };
		49BD6E101AC9FE7700E18C81 /* ReactCocoaPodsDemoTests.xctest */ = {isa = PBXFileReference; explicitFileType = wrapper.cfbundle; includeInIndex = 0; path = ReactCocoaPodsDemoTests.xctest; sourceTree = BUILT_PRODUCTS_DIR; };
		49BD6E151AC9FE7700E18C81 /* Info.plist */ = {isa = PBXFileReference; lastKnownFileType = text.plist.xml; path = Info.plist; sourceTree = "<group>"; };
		49BD6E161AC9FE7700E18C81 /* ReactCocoaPodsDemoTests.m */ = {isa = PBXFileReference; lastKnownFileType = sourcecode.c.objc; path = ReactCocoaPodsDemoTests.m; sourceTree = "<group>"; };
		5CEEE4FFA3515EC398DE4752 /* libPods.a */ = {isa = PBXFileReference; explicitFileType = archive.ar; includeInIndex = 0; path = libPods.a; sourceTree = BUILT_PRODUCTS_DIR; };
		9558DEC645056AB1AA8EEBE8 /* Pods.release.xcconfig */ = {isa = PBXFileReference; includeInIndex = 1; lastKnownFileType = text.xcconfig; name = Pods.release.xcconfig; path = "Pods/Target Support Files/Pods/Pods.release.xcconfig"; sourceTree = "<group>"; };
		EE4EA111A746FEE9D06A00A3 /* Pods.debug.xcconfig */ = {isa = PBXFileReference; includeInIndex = 1; lastKnownFileType = text.xcconfig; name = Pods.debug.xcconfig; path = "Pods/Target Support Files/Pods/Pods.debug.xcconfig"; sourceTree = "<group>"; };
/* End PBXFileReference section */

/* Begin PBXFrameworksBuildPhase section */
		49BD6DF41AC9FE7700E18C81 /* Frameworks */ = {
			isa = PBXFrameworksBuildPhase;
			buildActionMask = 2147483647;
			files = (
				3C9080FAE9AF06C1A1865016 /* libPods.a in Frameworks */,
			);
			runOnlyForDeploymentPostprocessing = 0;
		};
		49BD6E0D1AC9FE7700E18C81 /* Frameworks */ = {
			isa = PBXFrameworksBuildPhase;
			buildActionMask = 2147483647;
			files = (
			);
			runOnlyForDeploymentPostprocessing = 0;
		};
/* End PBXFrameworksBuildPhase section */

/* Begin PBXGroup section */
		49BD6DEE1AC9FE7700E18C81 = {
			isa = PBXGroup;
			children = (
				49BD6DF91AC9FE7700E18C81 /* ReactCocoaPodsDemo */,
				49BD6E131AC9FE7700E18C81 /* ReactCocoaPodsDemoTests */,
				49BD6DF81AC9FE7700E18C81 /* Products */,
				709403F7BE276ECE212DB69E /* Pods */,
				7B21E12A98D04F053B6085A2 /* Frameworks */,
			);
			sourceTree = "<group>";
		};
		49BD6DF81AC9FE7700E18C81 /* Products */ = {
			isa = PBXGroup;
			children = (
				49BD6DF71AC9FE7700E18C81 /* ReactCocoaPodsDemo.app */,
				49BD6E101AC9FE7700E18C81 /* ReactCocoaPodsDemoTests.xctest */,
			);
			name = Products;
			sourceTree = "<group>";
		};
		49BD6DF91AC9FE7700E18C81 /* ReactCocoaPodsDemo */ = {
			isa = PBXGroup;
			children = (
				49BD6DFE1AC9FE7700E18C81 /* AppDelegate.h */,
				49BD6DFF1AC9FE7700E18C81 /* AppDelegate.m */,
				49BD6E011AC9FE7700E18C81 /* ViewController.h */,
				49BD6E021AC9FE7700E18C81 /* ViewController.m */,
				49BD6E071AC9FE7700E18C81 /* Images.xcassets */,
				49BD6E091AC9FE7700E18C81 /* LaunchScreen.xib */,
				49BD6DFA1AC9FE7700E18C81 /* Supporting Files */,
			);
			path = ReactCocoaPodsDemo;
			sourceTree = "<group>";
		};
		49BD6DFA1AC9FE7700E18C81 /* Supporting Files */ = {
			isa = PBXGroup;
			children = (
				49BD6DFB1AC9FE7700E18C81 /* Info.plist */,
				49BD6DFC1AC9FE7700E18C81 /* main.m */,
			);
			name = "Supporting Files";
			sourceTree = "<group>";
		};
		49BD6E131AC9FE7700E18C81 /* ReactCocoaPodsDemoTests */ = {
			isa = PBXGroup;
			children = (
				49BD6E161AC9FE7700E18C81 /* ReactCocoaPodsDemoTests.m */,
				49BD6E141AC9FE7700E18C81 /* Supporting Files */,
			);
			path = ReactCocoaPodsDemoTests;
			sourceTree = "<group>";
		};
		49BD6E141AC9FE7700E18C81 /* Supporting Files */ = {
			isa = PBXGroup;
			children = (
				49BD6E151AC9FE7700E18C81 /* Info.plist */,
			);
			name = "Supporting Files";
			sourceTree = "<group>";
		};
		709403F7BE276ECE212DB69E /* Pods */ = {
			isa = PBXGroup;
			children = (
				EE4EA111A746FEE9D06A00A3 /* Pods.debug.xcconfig */,
				9558DEC645056AB1AA8EEBE8 /* Pods.release.xcconfig */,
			);
			name = Pods;
			sourceTree = "<group>";
		};
		7B21E12A98D04F053B6085A2 /* Frameworks */ = {
			isa = PBXGroup;
			children = (
				5CEEE4FFA3515EC398DE4752 /* libPods.a */,
			);
			name = Frameworks;
			sourceTree = "<group>";
		};
/* End PBXGroup section */

/* Begin PBXNativeTarget section */
		49BD6DF61AC9FE7700E18C81 /* ReactCocoaPodsDemo */ = {
			isa = PBXNativeTarget;
			buildConfigurationList = 49BD6E1A1AC9FE7700E18C81 /* Build configuration list for PBXNativeTarget "ReactCocoaPodsDemo" */;
			buildPhases = (
				A792185920C289F511881D28 /* Check Pods Manifest.lock */,
				49BD6DF31AC9FE7700E18C81 /* Sources */,
				49BD6DF41AC9FE7700E18C81 /* Frameworks */,
				49BD6DF51AC9FE7700E18C81 /* Resources */,
				4944B75B7198A8309175C5AB /* Copy Pods Resources */,
			);
			buildRules = (
			);
			dependencies = (
			);
			name = ReactCocoaPodsDemo;
			productName = ReactCocoaPodsDemo;
			productReference = 49BD6DF71AC9FE7700E18C81 /* ReactCocoaPodsDemo.app */;
			productType = "com.apple.product-type.application";
		};
		49BD6E0F1AC9FE7700E18C81 /* ReactCocoaPodsDemoTests */ = {
			isa = PBXNativeTarget;
			buildConfigurationList = 49BD6E1D1AC9FE7700E18C81 /* Build configuration list for PBXNativeTarget "ReactCocoaPodsDemoTests" */;
			buildPhases = (
				49BD6E0C1AC9FE7700E18C81 /* Sources */,
				49BD6E0D1AC9FE7700E18C81 /* Frameworks */,
				49BD6E0E1AC9FE7700E18C81 /* Resources */,
			);
			buildRules = (
			);
			dependencies = (
				49BD6E121AC9FE7700E18C81 /* PBXTargetDependency */,
			);
			name = ReactCocoaPodsDemoTests;
			productName = ReactCocoaPodsDemoTests;
			productReference = 49BD6E101AC9FE7700E18C81 /* ReactCocoaPodsDemoTests.xctest */;
			productType = "com.apple.product-type.bundle.unit-test";
		};
/* End PBXNativeTarget section */

/* Begin PBXProject section */
		49BD6DEF1AC9FE7700E18C81 /* Project object */ = {
			isa = PBXProject;
			attributes = {
				LastUpgradeCheck = 0620;
				ORGANIZATIONNAME = "Andrew Sardone";
				TargetAttributes = {
					49BD6DF61AC9FE7700E18C81 = {
						CreatedOnToolsVersion = 6.2;
					};
					49BD6E0F1AC9FE7700E18C81 = {
						CreatedOnToolsVersion = 6.2;
						TestTargetID = 49BD6DF61AC9FE7700E18C81;
					};
				};
			};
			buildConfigurationList = 49BD6DF21AC9FE7700E18C81 /* Build configuration list for PBXProject "ReactCocoaPodsDemo" */;
			compatibilityVersion = "Xcode 3.2";
			developmentRegion = English;
			hasScannedForEncodings = 0;
			knownRegions = (
				en,
				Base,
			);
			mainGroup = 49BD6DEE1AC9FE7700E18C81;
			productRefGroup = 49BD6DF81AC9FE7700E18C81 /* Products */;
			projectDirPath = "";
			projectRoot = "";
			targets = (
				49BD6DF61AC9FE7700E18C81 /* ReactCocoaPodsDemo */,
				49BD6E0F1AC9FE7700E18C81 /* ReactCocoaPodsDemoTests */,
			);
		};
/* End PBXProject section */

/* Begin PBXResourcesBuildPhase section */
		49BD6DF51AC9FE7700E18C81 /* Resources */ = {
			isa = PBXResourcesBuildPhase;
			buildActionMask = 2147483647;
			files = (
				49BD6E0B1AC9FE7700E18C81 /* LaunchScreen.xib in Resources */,
				49BD6E081AC9FE7700E18C81 /* Images.xcassets in Resources */,
			);
			runOnlyForDeploymentPostprocessing = 0;
		};
		49BD6E0E1AC9FE7700E18C81 /* Resources */ = {
			isa = PBXResourcesBuildPhase;
			buildActionMask = 2147483647;
			files = (
			);
			runOnlyForDeploymentPostprocessing = 0;
		};
/* End PBXResourcesBuildPhase section */

/* Begin PBXShellScriptBuildPhase section */
		4944B75B7198A8309175C5AB /* Copy Pods Resources */ = {
			isa = PBXShellScriptBuildPhase;
			buildActionMask = 2147483647;
			files = (
			);
			inputPaths = (
			);
			name = "Copy Pods Resources";
			outputPaths = (
			);
			runOnlyForDeploymentPostprocessing = 0;
			shellPath = /bin/sh;
			shellScript = "\"${SRCROOT}/Pods/Target Support Files/Pods/Pods-resources.sh\"\n";
			showEnvVarsInLog = 0;
		};
		A792185920C289F511881D28 /* Check Pods Manifest.lock */ = {
			isa = PBXShellScriptBuildPhase;
			buildActionMask = 2147483647;
			files = (
			);
			inputPaths = (
			);
			name = "Check Pods Manifest.lock";
			outputPaths = (
			);
			runOnlyForDeploymentPostprocessing = 0;
			shellPath = /bin/sh;
			shellScript = "diff \"${PODS_ROOT}/../Podfile.lock\" \"${PODS_ROOT}/Manifest.lock\" > /dev/null\nif [[ $? != 0 ]] ; then\n    cat << EOM\nerror: The sandbox is not in sync with the Podfile.lock. Run 'pod install' or update your CocoaPods installation.\nEOM\n    exit 1\nfi\n";
			showEnvVarsInLog = 0;
		};
/* End PBXShellScriptBuildPhase section */

/* Begin PBXSourcesBuildPhase section */
		49BD6DF31AC9FE7700E18C81 /* Sources */ = {
			isa = PBXSourcesBuildPhase;
			buildActionMask = 2147483647;
			files = (
				49BD6E031AC9FE7700E18C81 /* ViewController.m in Sources */,
				49BD6E001AC9FE7700E18C81 /* AppDelegate.m in Sources */,
				49BD6DFD1AC9FE7700E18C81 /* main.m in Sources */,
			);
			runOnlyForDeploymentPostprocessing = 0;
		};
		49BD6E0C1AC9FE7700E18C81 /* Sources */ = {
			isa = PBXSourcesBuildPhase;
			buildActionMask = 2147483647;
			files = (
				49BD6E171AC9FE7700E18C81 /* ReactCocoaPodsDemoTests.m in Sources */,
			);
			runOnlyForDeploymentPostprocessing = 0;
		};
/* End PBXSourcesBuildPhase section */

/* Begin PBXTargetDependency section */
		49BD6E121AC9FE7700E18C81 /* PBXTargetDependency */ = {
			isa = PBXTargetDependency;
			target = 49BD6DF61AC9FE7700E18C81 /* ReactCocoaPodsDemo */;
			targetProxy = 49BD6E111AC9FE7700E18C81 /* PBXContainerItemProxy */;
		};
/* End PBXTargetDependency section */

/* Begin PBXVariantGroup section */
		49BD6E091AC9FE7700E18C81 /* LaunchScreen.xib */ = {
			isa = PBXVariantGroup;
			children = (
				49BD6E0A1AC9FE7700E18C81 /* Base */,
			);
			name = LaunchScreen.xib;
			sourceTree = "<group>";
		};
/* End PBXVariantGroup section */

/* Begin XCBuildConfiguration section */
		49BD6E181AC9FE7700E18C81 /* Debug */ = {
			isa = XCBuildConfiguration;
			buildSettings = {
				ALWAYS_SEARCH_USER_PATHS = NO;
				CLANG_CXX_LANGUAGE_STANDARD = "gnu++0x";
				CLANG_CXX_LIBRARY = "libc++";
				CLANG_ENABLE_MODULES = YES;
				CLANG_ENABLE_OBJC_ARC = YES;
				CLANG_WARN_BOOL_CONVERSION = YES;
				CLANG_WARN_CONSTANT_CONVERSION = YES;
				CLANG_WARN_DIRECT_OBJC_ISA_USAGE = YES_ERROR;
				CLANG_WARN_EMPTY_BODY = YES;
				CLANG_WARN_ENUM_CONVERSION = YES;
				CLANG_WARN_INT_CONVERSION = YES;
				CLANG_WARN_OBJC_ROOT_CLASS = YES_ERROR;
				CLANG_WARN_UNREACHABLE_CODE = YES;
				CLANG_WARN__DUPLICATE_METHOD_MATCH = YES;
				"CODE_SIGN_IDENTITY[sdk=iphoneos*]" = "iPhone Developer";
				COPY_PHASE_STRIP = NO;
				ENABLE_STRICT_OBJC_MSGSEND = YES;
				GCC_C_LANGUAGE_STANDARD = gnu99;
				GCC_DYNAMIC_NO_PIC = NO;
				GCC_OPTIMIZATION_LEVEL = 0;
				GCC_PREPROCESSOR_DEFINITIONS = (
					"DEBUG=1",
					"$(inherited)",
				);
				GCC_SYMBOLS_PRIVATE_EXTERN = NO;
				GCC_WARN_64_TO_32_BIT_CONVERSION = YES;
				GCC_WARN_ABOUT_RETURN_TYPE = YES_ERROR;
				GCC_WARN_UNDECLARED_SELECTOR = YES;
				GCC_WARN_UNINITIALIZED_AUTOS = YES_AGGRESSIVE;
				GCC_WARN_UNUSED_FUNCTION = YES;
				GCC_WARN_UNUSED_VARIABLE = YES;
				IPHONEOS_DEPLOYMENT_TARGET = 8.2;
				MTL_ENABLE_DEBUG_INFO = YES;
				ONLY_ACTIVE_ARCH = YES;
				SDKROOT = iphoneos;
				TARGETED_DEVICE_FAMILY = "1,2";
			};
			name = Debug;
		};
		49BD6E191AC9FE7700E18C81 /* Release */ = {
			isa = XCBuildConfiguration;
			buildSettings = {
				ALWAYS_SEARCH_USER_PATHS = NO;
				CLANG_CXX_LANGUAGE_STANDARD = "gnu++0x";
				CLANG_CXX_LIBRARY = "libc++";
				CLANG_ENABLE_MODULES = YES;
				CLANG_ENABLE_OBJC_ARC = YES;
				CLANG_WARN_BOOL_CONVERSION = YES;
				CLANG_WARN_CONSTANT_CONVERSION = YES;
				CLANG_WARN_DIRECT_OBJC_ISA_USAGE = YES_ERROR;
				CLANG_WARN_EMPTY_BODY = YES;
				CLANG_WARN_ENUM_CONVERSION = YES;
				CLANG_WARN_INT_CONVERSION = YES;
				CLANG_WARN_OBJC_ROOT_CLASS = YES_ERROR;
				CLANG_WARN_UNREACHABLE_CODE = YES;
				CLANG_WARN__DUPLICATE_METHOD_MATCH = YES;
				"CODE_SIGN_IDENTITY[sdk=iphoneos*]" = "iPhone Developer";
				COPY_PHASE_STRIP = NO;
				ENABLE_NS_ASSERTIONS = NO;
				ENABLE_STRICT_OBJC_MSGSEND = YES;
				GCC_C_LANGUAGE_STANDARD = gnu99;
				GCC_WARN_64_TO_32_BIT_CONVERSION = YES;
				GCC_WARN_ABOUT_RETURN_TYPE = YES_ERROR;
				GCC_WARN_UNDECLARED_SELECTOR = YES;
				GCC_WARN_UNINITIALIZED_AUTOS = YES_AGGRESSIVE;
				GCC_WARN_UNUSED_FUNCTION = YES;
				GCC_WARN_UNUSED_VARIABLE = YES;
				IPHONEOS_DEPLOYMENT_TARGET = 8.2;
				MTL_ENABLE_DEBUG_INFO = NO;
				SDKROOT = iphoneos;
				TARGETED_DEVICE_FAMILY = "1,2";
				VALIDATE_PRODUCT = YES;
			};
			name = Release;
		};
		49BD6E1B1AC9FE7700E18C81 /* Debug */ = {
			isa = XCBuildConfiguration;
			baseConfigurationReference = EE4EA111A746FEE9D06A00A3 /* Pods.debug.xcconfig */;
			buildSettings = {
				ASSETCATALOG_COMPILER_APPICON_NAME = AppIcon;
				INFOPLIST_FILE = ReactCocoaPodsDemo/Info.plist;
				LD_RUNPATH_SEARCH_PATHS = "$(inherited) @executable_path/Frameworks";
				PRODUCT_NAME = "$(TARGET_NAME)";
			};
			name = Debug;
		};
		49BD6E1C1AC9FE7700E18C81 /* Release */ = {
			isa = XCBuildConfiguration;
			baseConfigurationReference = 9558DEC645056AB1AA8EEBE8 /* Pods.release.xcconfig */;
			buildSettings = {
				ASSETCATALOG_COMPILER_APPICON_NAME = AppIcon;
				INFOPLIST_FILE = ReactCocoaPodsDemo/Info.plist;
				LD_RUNPATH_SEARCH_PATHS = "$(inherited) @executable_path/Frameworks";
				PRODUCT_NAME = "$(TARGET_NAME)";
			};
			name = Release;
		};
		49BD6E1E1AC9FE7700E18C81 /* Debug */ = {
			isa = XCBuildConfiguration;
			buildSettings = {
				BUNDLE_LOADER = "$(TEST_HOST)";
				FRAMEWORK_SEARCH_PATHS = (
					"$(SDKROOT)/Developer/Library/Frameworks",
					"$(inherited)",
				);
				GCC_PREPROCESSOR_DEFINITIONS = (
					"DEBUG=1",
					"$(inherited)",
				);
				INFOPLIST_FILE = ReactCocoaPodsDemoTests/Info.plist;
				LD_RUNPATH_SEARCH_PATHS = "$(inherited) @executable_path/Frameworks @loader_path/Frameworks";
				PRODUCT_NAME = "$(TARGET_NAME)";
				TEST_HOST = "$(BUILT_PRODUCTS_DIR)/ReactCocoaPodsDemo.app/ReactCocoaPodsDemo";
			};
			name = Debug;
		};
		49BD6E1F1AC9FE7700E18C81 /* Release */ = {
			isa = XCBuildConfiguration;
			buildSettings = {
				BUNDLE_LOADER = "$(TEST_HOST)";
				FRAMEWORK_SEARCH_PATHS = (
					"$(SDKROOT)/Developer/Library/Frameworks",
					"$(inherited)",
				);
				INFOPLIST_FILE = ReactCocoaPodsDemoTests/Info.plist;
				LD_RUNPATH_SEARCH_PATHS = "$(inherited) @executable_path/Frameworks @loader_path/Frameworks";
				PRODUCT_NAME = "$(TARGET_NAME)";
				TEST_HOST = "$(BUILT_PRODUCTS_DIR)/ReactCocoaPodsDemo.app/ReactCocoaPodsDemo";
			};
			name = Release;
		};
/* End XCBuildConfiguration section */

/* Begin XCConfigurationList section */
		49BD6DF21AC9FE7700E18C81 /* Build configuration list for PBXProject "ReactCocoaPodsDemo" */ = {
			isa = XCConfigurationList;
			buildConfigurations = (
				49BD6E181AC9FE7700E18C81 /* Debug */,
				49BD6E191AC9FE7700E18C81 /* Release */,
			);
			defaultConfigurationIsVisible = 0;
			defaultConfigurationName = Release;
		};
		49BD6E1A1AC9FE7700E18C81 /* Build configuration list for PBXNativeTarget "ReactCocoaPodsDemo" */ = {
			isa = XCConfigurationList;
			buildConfigurations = (
				49BD6E1B1AC9FE7700E18C81 /* Debug */,
				49BD6E1C1AC9FE7700E18C81 /* Release */,
			);
			defaultConfigurationIsVisible = 0;
			defaultConfigurationName = Release;
		};
		49BD6E1D1AC9FE7700E18C81 /* Build configuration list for PBXNativeTarget "ReactCocoaPodsDemoTests" */ = {
			isa = XCConfigurationList;
			buildConfigurations = (
				49BD6E1E1AC9FE7700E18C81 /* Debug */,
				49BD6E1F1AC9FE7700E18C81 /* Release */,
			);
			defaultConfigurationIsVisible = 0;
			defaultConfigurationName = Release;
		};
/* End XCConfigurationList section */
	};
	rootObject = 49BD6DEF1AC9FE7700E18C81 /* Project object */;
}
